// !$*UTF8*$!
{
	archiveVersion = 1;
	classes = {
	};
	objectVersion = 48;
	objects = {

/* Begin PBXBuildFile section */
		0A5A7D6A20803189007D1A6B /* ProfileViewController.swift in Sources */ = {isa = PBXBuildFile; fileRef = 0A5A7D6920803189007D1A6B /* ProfileViewController.swift */; };
		0A99A4C4208FE58800BE695E /* DisplayViewController.swift in Sources */ = {isa = PBXBuildFile; fileRef = 0A99A4C3208FE58800BE695E /* DisplayViewController.swift */; };
		0A99A4C7208FE5B200BE695E /* Weather.swift in Sources */ = {isa = PBXBuildFile; fileRef = 0A99A4C5208FE5B200BE695E /* Weather.swift */; };
		0A99A4C8208FE5B200BE695E /* WeatherGetter.swift in Sources */ = {isa = PBXBuildFile; fileRef = 0A99A4C6208FE5B200BE695E /* WeatherGetter.swift */; };
		144660600D8F5C2C7B19DBD0 /* Pods_weartherUITests.framework in Frameworks */ = {isa = PBXBuildFile; fileRef = AE8F7B01C6BDE89A6373D85A /* Pods_weartherUITests.framework */; };
		17D043ACFE794ADBE5337588 /* Pods_weartherTests.framework in Frameworks */ = {isa = PBXBuildFile; fileRef = AE1A1650677D336E9E7C8564 /* Pods_weartherTests.framework */; };
		375E2F8DC7EFD7EB9C147209 /* Pods_wearther.framework in Frameworks */ = {isa = PBXBuildFile; fileRef = 9D874C4C3F84613306335085 /* Pods_wearther.framework */; };
		661738FA209A8A90003EA7B9 /* alarm.png in Resources */ = {isa = PBXBuildFile; fileRef = 661738F6209A8A8C003EA7B9 /* alarm.png */; };
		66173903209A8C82003EA7B9 /* settings.png in Resources */ = {isa = PBXBuildFile; fileRef = 66173902209A8C81003EA7B9 /* settings.png */; };
		66173905209A9415003EA7B9 /* SettingsViewController.swift in Sources */ = {isa = PBXBuildFile; fileRef = 66173904209A9415003EA7B9 /* SettingsViewController.swift */; };
		661D52E42098461800F490E8 /* DigClosetHomeViewController.swift in Sources */ = {isa = PBXBuildFile; fileRef = 661D52E32098461800F490E8 /* DigClosetHomeViewController.swift */; };
		661D52E82098480800F490E8 /* tshirt.png in Resources */ = {isa = PBXBuildFile; fileRef = 661D52E72098480800F490E8 /* tshirt.png */; };
		661D52EA2098486100F490E8 /* longsleeve.png in Resources */ = {isa = PBXBuildFile; fileRef = 661D52E92098486100F490E8 /* longsleeve.png */; };
		661D52EC209848CA00F490E8 /* pants.png in Resources */ = {isa = PBXBuildFile; fileRef = 661D52EB209848C900F490E8 /* pants.png */; };
		661D52EE2098492E00F490E8 /* shorts.png in Resources */ = {isa = PBXBuildFile; fileRef = 661D52ED2098492E00F490E8 /* shorts.png */; };
		661D52F02098498A00F490E8 /* dress.png in Resources */ = {isa = PBXBuildFile; fileRef = 661D52EF2098498A00F490E8 /* dress.png */; };
		661D52F220984A1300F490E8 /* shoe.png in Resources */ = {isa = PBXBuildFile; fileRef = 661D52F120984A1200F490E8 /* shoe.png */; };
		661D52F420984AF200F490E8 /* ShortShirtViewController.swift in Sources */ = {isa = PBXBuildFile; fileRef = 661D52F320984AF200F490E8 /* ShortShirtViewController.swift */; };
		661D52F620984DDD00F490E8 /* x.png in Resources */ = {isa = PBXBuildFile; fileRef = 661D52F520984DDD00F490E8 /* x.png */; };
		661D52F820984EAE00F490E8 /* LongShirtViewController.swift in Sources */ = {isa = PBXBuildFile; fileRef = 661D52F720984EAE00F490E8 /* LongShirtViewController.swift */; };
		661D52FA20984F4A00F490E8 /* PantViewController.swift in Sources */ = {isa = PBXBuildFile; fileRef = 661D52F920984F4A00F490E8 /* PantViewController.swift */; };
		661D52FC20984F5700F490E8 /* ShortsViewController.swift in Sources */ = {isa = PBXBuildFile; fileRef = 661D52FB20984F5700F490E8 /* ShortsViewController.swift */; };
		661D52FE20984F6200F490E8 /* DressViewController.swift in Sources */ = {isa = PBXBuildFile; fileRef = 661D52FD20984F6200F490E8 /* DressViewController.swift */; };
		661D530020984F6B00F490E8 /* ShoeViewController.swift in Sources */ = {isa = PBXBuildFile; fileRef = 661D52FF20984F6B00F490E8 /* ShoeViewController.swift */; };
		661D5304209905DF00F490E8 /* arrow.png in Resources */ = {isa = PBXBuildFile; fileRef = 661D5303209905DE00F490E8 /* arrow.png */; };
		661D530C209908A800F490E8 /* delete.png in Resources */ = {isa = PBXBuildFile; fileRef = 661D530B209908A700F490E8 /* delete.png */; };
		661D5310209909B400F490E8 /* add.png in Resources */ = {isa = PBXBuildFile; fileRef = 661D530F209909B300F490E8 /* add.png */; };
		661D531420990CCE00F490E8 /* AddItemViewController.swift in Sources */ = {isa = PBXBuildFile; fileRef = 661D531320990CCE00F490E8 /* AddItemViewController.swift */; };
		661D53182099388100F490E8 /* ChooseCategoryViewController.swift in Sources */ = {isa = PBXBuildFile; fileRef = 661D53172099388100F490E8 /* ChooseCategoryViewController.swift */; };
		661D5326209A7E4A00F490E8 /* photo.png in Resources */ = {isa = PBXBuildFile; fileRef = 661D5325209A7E4600F490E8 /* photo.png */; };
		661D5328209A7F3A00F490E8 /* NotificationViewController.swift in Sources */ = {isa = PBXBuildFile; fileRef = 661D5327209A7F3A00F490E8 /* NotificationViewController.swift */; };
		66633D89207C54C60086EDAD /* OutputViewController.swift in Sources */ = {isa = PBXBuildFile; fileRef = 66633D88207C54C60086EDAD /* OutputViewController.swift */; };
		F804F894206487BE006E1B15 /* AppDelegate.swift in Sources */ = {isa = PBXBuildFile; fileRef = F804F893206487BE006E1B15 /* AppDelegate.swift */; };
		F804F899206487BE006E1B15 /* Main.storyboard in Resources */ = {isa = PBXBuildFile; fileRef = F804F897206487BE006E1B15 /* Main.storyboard */; };
		F804F89C206487BE006E1B15 /* wearther.xcdatamodeld in Sources */ = {isa = PBXBuildFile; fileRef = F804F89A206487BE006E1B15 /* wearther.xcdatamodeld */; };
		F804F89E206487BE006E1B15 /* Assets.xcassets in Resources */ = {isa = PBXBuildFile; fileRef = F804F89D206487BE006E1B15 /* Assets.xcassets */; };
		F804F8A1206487BE006E1B15 /* LaunchScreen.storyboard in Resources */ = {isa = PBXBuildFile; fileRef = F804F89F206487BE006E1B15 /* LaunchScreen.storyboard */; };
		F804F8AC206487BF006E1B15 /* weartherTests.swift in Sources */ = {isa = PBXBuildFile; fileRef = F804F8AB206487BF006E1B15 /* weartherTests.swift */; };
		F804F8B7206487BF006E1B15 /* weartherUITests.swift in Sources */ = {isa = PBXBuildFile; fileRef = F804F8B6206487BF006E1B15 /* weartherUITests.swift */; };
		F804F8C520648C24006E1B15 /* LoginViewController.swift in Sources */ = {isa = PBXBuildFile; fileRef = F804F8C420648C24006E1B15 /* LoginViewController.swift */; };
		F804F8C720648C31006E1B15 /* RegisterViewController.swift in Sources */ = {isa = PBXBuildFile; fileRef = F804F8C620648C31006E1B15 /* RegisterViewController.swift */; };
		F8219C28208130590057049B /* MyTabBarController.swift in Sources */ = {isa = PBXBuildFile; fileRef = F8219C27208130590057049B /* MyTabBarController.swift */; };
		F84A03B52097949100DCF8F1 /* GoogleService-Info.plist in Resources */ = {isa = PBXBuildFile; fileRef = F84A03B42097949100DCF8F1 /* GoogleService-Info.plist */; };
		F8D7FF6C209A97B000D20470 /* CustomImageFlowLayout.swift in Sources */ = {isa = PBXBuildFile; fileRef = F8D7FF6B209A97B000D20470 /* CustomImageFlowLayout.swift */; };
		F8D7FF6E209A97E100D20470 /* PicsCollectionViewCell.swift in Sources */ = {isa = PBXBuildFile; fileRef = F8D7FF6D209A97E100D20470 /* PicsCollectionViewCell.swift */; };
/* End PBXBuildFile section */

/* Begin PBXContainerItemProxy section */
		F804F8A8206487BF006E1B15 /* PBXContainerItemProxy */ = {
			isa = PBXContainerItemProxy;
			containerPortal = F804F888206487BE006E1B15 /* Project object */;
			proxyType = 1;
			remoteGlobalIDString = F804F88F206487BE006E1B15;
			remoteInfo = wearther;
		};
		F804F8B3206487BF006E1B15 /* PBXContainerItemProxy */ = {
			isa = PBXContainerItemProxy;
			containerPortal = F804F888206487BE006E1B15 /* Project object */;
			proxyType = 1;
			remoteGlobalIDString = F804F88F206487BE006E1B15;
			remoteInfo = wearther;
		};
/* End PBXContainerItemProxy section */

/* Begin PBXFileReference section */
		05BF01339242F0822E6D0FDC /* Pods-weartherUITests.debug.xcconfig */ = {isa = PBXFileReference; includeInIndex = 1; lastKnownFileType = text.xcconfig; name = "Pods-weartherUITests.debug.xcconfig"; path = "Pods/Target Support Files/Pods-weartherUITests/Pods-weartherUITests.debug.xcconfig"; sourceTree = "<group>"; };
		09C67DB73A9BBD065D614794 /* Pods-wearther.debug.xcconfig */ = {isa = PBXFileReference; includeInIndex = 1; lastKnownFileType = text.xcconfig; name = "Pods-wearther.debug.xcconfig"; path = "Pods/Target Support Files/Pods-wearther/Pods-wearther.debug.xcconfig"; sourceTree = "<group>"; };
		0A5A7D6920803189007D1A6B /* ProfileViewController.swift */ = {isa = PBXFileReference; lastKnownFileType = sourcecode.swift; path = ProfileViewController.swift; sourceTree = "<group>"; };
		0A99A4C3208FE58800BE695E /* DisplayViewController.swift */ = {isa = PBXFileReference; lastKnownFileType = sourcecode.swift; path = DisplayViewController.swift; sourceTree = "<group>"; };
		0A99A4C5208FE5B200BE695E /* Weather.swift */ = {isa = PBXFileReference; fileEncoding = 4; lastKnownFileType = sourcecode.swift; path = Weather.swift; sourceTree = "<group>"; };
		0A99A4C6208FE5B200BE695E /* WeatherGetter.swift */ = {isa = PBXFileReference; fileEncoding = 4; lastKnownFileType = sourcecode.swift; path = WeatherGetter.swift; sourceTree = "<group>"; };
		27DB000AD6FF9FC1D9363C68 /* Pods-weartherTests.debug.xcconfig */ = {isa = PBXFileReference; includeInIndex = 1; lastKnownFileType = text.xcconfig; name = "Pods-weartherTests.debug.xcconfig"; path = "Pods/Target Support Files/Pods-weartherTests/Pods-weartherTests.debug.xcconfig"; sourceTree = "<group>"; };
		661738F6209A8A8C003EA7B9 /* alarm.png */ = {isa = PBXFileReference; lastKnownFileType = image.png; path = alarm.png; sourceTree = "<group>"; };
		66173902209A8C81003EA7B9 /* settings.png */ = {isa = PBXFileReference; lastKnownFileType = image.png; path = settings.png; sourceTree = "<group>"; };
		66173904209A9415003EA7B9 /* SettingsViewController.swift */ = {isa = PBXFileReference; lastKnownFileType = sourcecode.swift; path = SettingsViewController.swift; sourceTree = "<group>"; };
		661D52E32098461800F490E8 /* DigClosetHomeViewController.swift */ = {isa = PBXFileReference; lastKnownFileType = sourcecode.swift; path = DigClosetHomeViewController.swift; sourceTree = "<group>"; };
		661D52E72098480800F490E8 /* tshirt.png */ = {isa = PBXFileReference; lastKnownFileType = image.png; path = tshirt.png; sourceTree = "<group>"; };
		661D52E92098486100F490E8 /* longsleeve.png */ = {isa = PBXFileReference; lastKnownFileType = image.png; path = longsleeve.png; sourceTree = "<group>"; };
		661D52EB209848C900F490E8 /* pants.png */ = {isa = PBXFileReference; lastKnownFileType = image.png; path = pants.png; sourceTree = "<group>"; };
		661D52ED2098492E00F490E8 /* shorts.png */ = {isa = PBXFileReference; lastKnownFileType = image.png; path = shorts.png; sourceTree = "<group>"; };
		661D52EF2098498A00F490E8 /* dress.png */ = {isa = PBXFileReference; lastKnownFileType = image.png; path = dress.png; sourceTree = "<group>"; };
		661D52F120984A1200F490E8 /* shoe.png */ = {isa = PBXFileReference; lastKnownFileType = image.png; path = shoe.png; sourceTree = "<group>"; };
		661D52F320984AF200F490E8 /* ShortShirtViewController.swift */ = {isa = PBXFileReference; lastKnownFileType = sourcecode.swift; path = ShortShirtViewController.swift; sourceTree = "<group>"; };
		661D52F520984DDD00F490E8 /* x.png */ = {isa = PBXFileReference; lastKnownFileType = image.png; path = x.png; sourceTree = "<group>"; };
		661D52F720984EAE00F490E8 /* LongShirtViewController.swift */ = {isa = PBXFileReference; lastKnownFileType = sourcecode.swift; path = LongShirtViewController.swift; sourceTree = "<group>"; };
		661D52F920984F4A00F490E8 /* PantViewController.swift */ = {isa = PBXFileReference; lastKnownFileType = sourcecode.swift; path = PantViewController.swift; sourceTree = "<group>"; };
		661D52FB20984F5700F490E8 /* ShortsViewController.swift */ = {isa = PBXFileReference; lastKnownFileType = sourcecode.swift; path = ShortsViewController.swift; sourceTree = "<group>"; };
		661D52FD20984F6200F490E8 /* DressViewController.swift */ = {isa = PBXFileReference; lastKnownFileType = sourcecode.swift; path = DressViewController.swift; sourceTree = "<group>"; };
		661D52FF20984F6B00F490E8 /* ShoeViewController.swift */ = {isa = PBXFileReference; lastKnownFileType = sourcecode.swift; path = ShoeViewController.swift; sourceTree = "<group>"; };
		661D5303209905DE00F490E8 /* arrow.png */ = {isa = PBXFileReference; lastKnownFileType = image.png; path = arrow.png; sourceTree = "<group>"; };
		661D530B209908A700F490E8 /* delete.png */ = {isa = PBXFileReference; lastKnownFileType = image.png; path = delete.png; sourceTree = "<group>"; };
		661D530F209909B300F490E8 /* add.png */ = {isa = PBXFileReference; lastKnownFileType = image.png; path = add.png; sourceTree = "<group>"; };
		661D531320990CCE00F490E8 /* AddItemViewController.swift */ = {isa = PBXFileReference; lastKnownFileType = sourcecode.swift; path = AddItemViewController.swift; sourceTree = "<group>"; };
		661D53172099388100F490E8 /* ChooseCategoryViewController.swift */ = {isa = PBXFileReference; lastKnownFileType = sourcecode.swift; path = ChooseCategoryViewController.swift; sourceTree = "<group>"; };
		661D5325209A7E4600F490E8 /* photo.png */ = {isa = PBXFileReference; lastKnownFileType = image.png; path = photo.png; sourceTree = "<group>"; };
		661D5327209A7F3A00F490E8 /* NotificationViewController.swift */ = {isa = PBXFileReference; lastKnownFileType = sourcecode.swift; path = NotificationViewController.swift; sourceTree = "<group>"; };
		66633D88207C54C60086EDAD /* OutputViewController.swift */ = {isa = PBXFileReference; lastKnownFileType = sourcecode.swift; path = OutputViewController.swift; sourceTree = "<group>"; };
		9D874C4C3F84613306335085 /* Pods_wearther.framework */ = {isa = PBXFileReference; explicitFileType = wrapper.framework; includeInIndex = 0; path = Pods_wearther.framework; sourceTree = BUILT_PRODUCTS_DIR; };
		AE1A1650677D336E9E7C8564 /* Pods_weartherTests.framework */ = {isa = PBXFileReference; explicitFileType = wrapper.framework; includeInIndex = 0; path = Pods_weartherTests.framework; sourceTree = BUILT_PRODUCTS_DIR; };
		AE8F7B01C6BDE89A6373D85A /* Pods_weartherUITests.framework */ = {isa = PBXFileReference; explicitFileType = wrapper.framework; includeInIndex = 0; path = Pods_weartherUITests.framework; sourceTree = BUILT_PRODUCTS_DIR; };
		BBC36C981C3CF53E896CE379 /* Pods-weartherUITests.release.xcconfig */ = {isa = PBXFileReference; includeInIndex = 1; lastKnownFileType = text.xcconfig; name = "Pods-weartherUITests.release.xcconfig"; path = "Pods/Target Support Files/Pods-weartherUITests/Pods-weartherUITests.release.xcconfig"; sourceTree = "<group>"; };
		E38051C037E1551C731E28E0 /* Pods-weartherTests.release.xcconfig */ = {isa = PBXFileReference; includeInIndex = 1; lastKnownFileType = text.xcconfig; name = "Pods-weartherTests.release.xcconfig"; path = "Pods/Target Support Files/Pods-weartherTests/Pods-weartherTests.release.xcconfig"; sourceTree = "<group>"; };
		F55B678834A53BE4E15244EB /* Pods-wearther.release.xcconfig */ = {isa = PBXFileReference; includeInIndex = 1; lastKnownFileType = text.xcconfig; name = "Pods-wearther.release.xcconfig"; path = "Pods/Target Support Files/Pods-wearther/Pods-wearther.release.xcconfig"; sourceTree = "<group>"; };
		F804F890206487BE006E1B15 /* wearther.app */ = {isa = PBXFileReference; explicitFileType = wrapper.application; includeInIndex = 0; path = wearther.app; sourceTree = BUILT_PRODUCTS_DIR; };
		F804F893206487BE006E1B15 /* AppDelegate.swift */ = {isa = PBXFileReference; lastKnownFileType = sourcecode.swift; path = AppDelegate.swift; sourceTree = "<group>"; };
		F804F898206487BE006E1B15 /* Base */ = {isa = PBXFileReference; lastKnownFileType = file.storyboard; name = Base; path = Base.lproj/Main.storyboard; sourceTree = "<group>"; };
		F804F89B206487BE006E1B15 /* wearther.xcdatamodel */ = {isa = PBXFileReference; lastKnownFileType = wrapper.xcdatamodel; path = wearther.xcdatamodel; sourceTree = "<group>"; };
		F804F89D206487BE006E1B15 /* Assets.xcassets */ = {isa = PBXFileReference; lastKnownFileType = folder.assetcatalog; path = Assets.xcassets; sourceTree = "<group>"; };
		F804F8A0206487BE006E1B15 /* Base */ = {isa = PBXFileReference; lastKnownFileType = file.storyboard; name = Base; path = Base.lproj/LaunchScreen.storyboard; sourceTree = "<group>"; };
		F804F8A2206487BE006E1B15 /* Info.plist */ = {isa = PBXFileReference; lastKnownFileType = text.plist.xml; path = Info.plist; sourceTree = "<group>"; };
		F804F8A7206487BF006E1B15 /* weartherTests.xctest */ = {isa = PBXFileReference; explicitFileType = wrapper.cfbundle; includeInIndex = 0; path = weartherTests.xctest; sourceTree = BUILT_PRODUCTS_DIR; };
		F804F8AB206487BF006E1B15 /* weartherTests.swift */ = {isa = PBXFileReference; lastKnownFileType = sourcecode.swift; path = weartherTests.swift; sourceTree = "<group>"; };
		F804F8AD206487BF006E1B15 /* Info.plist */ = {isa = PBXFileReference; lastKnownFileType = text.plist.xml; path = Info.plist; sourceTree = "<group>"; };
		F804F8B2206487BF006E1B15 /* weartherUITests.xctest */ = {isa = PBXFileReference; explicitFileType = wrapper.cfbundle; includeInIndex = 0; path = weartherUITests.xctest; sourceTree = BUILT_PRODUCTS_DIR; };
		F804F8B6206487BF006E1B15 /* weartherUITests.swift */ = {isa = PBXFileReference; lastKnownFileType = sourcecode.swift; path = weartherUITests.swift; sourceTree = "<group>"; };
		F804F8B8206487BF006E1B15 /* Info.plist */ = {isa = PBXFileReference; lastKnownFileType = text.plist.xml; path = Info.plist; sourceTree = "<group>"; };
		F804F8C420648C24006E1B15 /* LoginViewController.swift */ = {isa = PBXFileReference; lastKnownFileType = sourcecode.swift; path = LoginViewController.swift; sourceTree = "<group>"; };
		F804F8C620648C31006E1B15 /* RegisterViewController.swift */ = {isa = PBXFileReference; lastKnownFileType = sourcecode.swift; path = RegisterViewController.swift; sourceTree = "<group>"; };
		F8219C27208130590057049B /* MyTabBarController.swift */ = {isa = PBXFileReference; lastKnownFileType = sourcecode.swift; path = MyTabBarController.swift; sourceTree = "<group>"; };
		F84A03B42097949100DCF8F1 /* GoogleService-Info.plist */ = {isa = PBXFileReference; fileEncoding = 4; lastKnownFileType = text.plist.xml; path = "GoogleService-Info.plist"; sourceTree = "<group>"; };
		F8D7FF6B209A97B000D20470 /* CustomImageFlowLayout.swift */ = {isa = PBXFileReference; lastKnownFileType = sourcecode.swift; path = CustomImageFlowLayout.swift; sourceTree = "<group>"; };
		F8D7FF6D209A97E100D20470 /* PicsCollectionViewCell.swift */ = {isa = PBXFileReference; lastKnownFileType = sourcecode.swift; path = PicsCollectionViewCell.swift; sourceTree = "<group>"; };
/* End PBXFileReference section */

/* Begin PBXFrameworksBuildPhase section */
		F804F88D206487BE006E1B15 /* Frameworks */ = {
			isa = PBXFrameworksBuildPhase;
			buildActionMask = 2147483647;
			files = (
				375E2F8DC7EFD7EB9C147209 /* Pods_wearther.framework in Frameworks */,
			);
			runOnlyForDeploymentPostprocessing = 0;
		};
		F804F8A4206487BF006E1B15 /* Frameworks */ = {
			isa = PBXFrameworksBuildPhase;
			buildActionMask = 2147483647;
			files = (
				17D043ACFE794ADBE5337588 /* Pods_weartherTests.framework in Frameworks */,
			);
			runOnlyForDeploymentPostprocessing = 0;
		};
		F804F8AF206487BF006E1B15 /* Frameworks */ = {
			isa = PBXFrameworksBuildPhase;
			buildActionMask = 2147483647;
			files = (
				144660600D8F5C2C7B19DBD0 /* Pods_weartherUITests.framework in Frameworks */,
			);
			runOnlyForDeploymentPostprocessing = 0;
		};
/* End PBXFrameworksBuildPhase section */

/* Begin PBXGroup section */
		B1849F8F26BF5B212B2B8C1F /* Pods */ = {
			isa = PBXGroup;
			children = (
				09C67DB73A9BBD065D614794 /* Pods-wearther.debug.xcconfig */,
				F55B678834A53BE4E15244EB /* Pods-wearther.release.xcconfig */,
				27DB000AD6FF9FC1D9363C68 /* Pods-weartherTests.debug.xcconfig */,
				E38051C037E1551C731E28E0 /* Pods-weartherTests.release.xcconfig */,
				05BF01339242F0822E6D0FDC /* Pods-weartherUITests.debug.xcconfig */,
				BBC36C981C3CF53E896CE379 /* Pods-weartherUITests.release.xcconfig */,
			);
			name = Pods;
			sourceTree = "<group>";
		};
		D2A7E2EC8B602A0EC1F86EC0 /* Frameworks */ = {
			isa = PBXGroup;
			children = (
				9D874C4C3F84613306335085 /* Pods_wearther.framework */,
				AE1A1650677D336E9E7C8564 /* Pods_weartherTests.framework */,
				AE8F7B01C6BDE89A6373D85A /* Pods_weartherUITests.framework */,
			);
			name = Frameworks;
			sourceTree = "<group>";
		};
		F804F887206487BE006E1B15 = {
			isa = PBXGroup;
			children = (
				F804F892206487BE006E1B15 /* wearther */,
				F804F8AA206487BF006E1B15 /* weartherTests */,
				F804F8B5206487BF006E1B15 /* weartherUITests */,
				F804F891206487BE006E1B15 /* Products */,
				B1849F8F26BF5B212B2B8C1F /* Pods */,
				D2A7E2EC8B602A0EC1F86EC0 /* Frameworks */,
			);
			sourceTree = "<group>";
		};
		F804F891206487BE006E1B15 /* Products */ = {
			isa = PBXGroup;
			children = (
				F804F890206487BE006E1B15 /* wearther.app */,
				F804F8A7206487BF006E1B15 /* weartherTests.xctest */,
				F804F8B2206487BF006E1B15 /* weartherUITests.xctest */,
			);
			name = Products;
			sourceTree = "<group>";
		};
		F804F892206487BE006E1B15 /* wearther */ = {
			isa = PBXGroup;
			children = (
				F804F893206487BE006E1B15 /* AppDelegate.swift */,
				F804F8C420648C24006E1B15 /* LoginViewController.swift */,
				F804F8C620648C31006E1B15 /* RegisterViewController.swift */,
				F8219C27208130590057049B /* MyTabBarController.swift */,
				66633D88207C54C60086EDAD /* OutputViewController.swift */,
				0A5A7D6920803189007D1A6B /* ProfileViewController.swift */,
				F804F897206487BE006E1B15 /* Main.storyboard */,
				66173904209A9415003EA7B9 /* SettingsViewController.swift */,
				661D5327209A7F3A00F490E8 /* NotificationViewController.swift */,
				661D52E32098461800F490E8 /* DigClosetHomeViewController.swift */,
				661D531320990CCE00F490E8 /* AddItemViewController.swift */,
				661D53172099388100F490E8 /* ChooseCategoryViewController.swift */,
				661D52F320984AF200F490E8 /* ShortShirtViewController.swift */,
				661D52F720984EAE00F490E8 /* LongShirtViewController.swift */,
				661D52F920984F4A00F490E8 /* PantViewController.swift */,
				661D52FB20984F5700F490E8 /* ShortsViewController.swift */,
				661D52FD20984F6200F490E8 /* DressViewController.swift */,
				661D52FF20984F6B00F490E8 /* ShoeViewController.swift */,
				0A99A4C3208FE58800BE695E /* DisplayViewController.swift */,
				F8D7FF6B209A97B000D20470 /* CustomImageFlowLayout.swift */,
				F8D7FF6D209A97E100D20470 /* PicsCollectionViewCell.swift */,
				0A99A4C5208FE5B200BE695E /* Weather.swift */,
				0A99A4C6208FE5B200BE695E /* WeatherGetter.swift */,
				F804F89A206487BE006E1B15 /* wearther.xcdatamodeld */,
				F804F89D206487BE006E1B15 /* Assets.xcassets */,
				F804F89F206487BE006E1B15 /* LaunchScreen.storyboard */,
				F804F8A2206487BE006E1B15 /* Info.plist */,
				F84A03B42097949100DCF8F1 /* GoogleService-Info.plist */,
				66173902209A8C81003EA7B9 /* settings.png */,
				661738F6209A8A8C003EA7B9 /* alarm.png */,
				661D52E72098480800F490E8 /* tshirt.png */,
				661D52E92098486100F490E8 /* longsleeve.png */,
				661D52EB209848C900F490E8 /* pants.png */,
				661D52ED2098492E00F490E8 /* shorts.png */,
				661D52EF2098498A00F490E8 /* dress.png */,
				661D52F120984A1200F490E8 /* shoe.png */,
				661D52F520984DDD00F490E8 /* x.png */,
				661D5303209905DE00F490E8 /* arrow.png */,
				661D530F209909B300F490E8 /* add.png */,
				661D530B209908A700F490E8 /* delete.png */,
				661D5325209A7E4600F490E8 /* photo.png */,
			);
			path = wearther;
			sourceTree = "<group>";
		};
		F804F8AA206487BF006E1B15 /* weartherTests */ = {
			isa = PBXGroup;
			children = (
				F804F8AB206487BF006E1B15 /* weartherTests.swift */,
				F804F8AD206487BF006E1B15 /* Info.plist */,
			);
			path = weartherTests;
			sourceTree = "<group>";
		};
		F804F8B5206487BF006E1B15 /* weartherUITests */ = {
			isa = PBXGroup;
			children = (
				F804F8B6206487BF006E1B15 /* weartherUITests.swift */,
				F804F8B8206487BF006E1B15 /* Info.plist */,
			);
			path = weartherUITests;
			sourceTree = "<group>";
		};
/* End PBXGroup section */

/* Begin PBXNativeTarget section */
		F804F88F206487BE006E1B15 /* wearther */ = {
			isa = PBXNativeTarget;
			buildConfigurationList = F804F8BB206487BF006E1B15 /* Build configuration list for PBXNativeTarget "wearther" */;
			buildPhases = (
				E99AA92B0F42E9A51819D2C8 /* [CP] Check Pods Manifest.lock */,
				F804F88C206487BE006E1B15 /* Sources */,
				F804F88D206487BE006E1B15 /* Frameworks */,
				F804F88E206487BE006E1B15 /* Resources */,
				B4AB1252B2B661E7E12B8087 /* [CP] Embed Pods Frameworks */,
			);
			buildRules = (
			);
			dependencies = (
			);
			name = wearther;
			productName = wearther;
			productReference = F804F890206487BE006E1B15 /* wearther.app */;
			productType = "com.apple.product-type.application";
		};
		F804F8A6206487BF006E1B15 /* weartherTests */ = {
			isa = PBXNativeTarget;
			buildConfigurationList = F804F8BE206487BF006E1B15 /* Build configuration list for PBXNativeTarget "weartherTests" */;
			buildPhases = (
				DBE794996C23D061360D685A /* [CP] Check Pods Manifest.lock */,
				F804F8A3206487BF006E1B15 /* Sources */,
				F804F8A4206487BF006E1B15 /* Frameworks */,
				F804F8A5206487BF006E1B15 /* Resources */,
			);
			buildRules = (
			);
			dependencies = (
				F804F8A9206487BF006E1B15 /* PBXTargetDependency */,
			);
			name = weartherTests;
			productName = weartherTests;
			productReference = F804F8A7206487BF006E1B15 /* weartherTests.xctest */;
			productType = "com.apple.product-type.bundle.unit-test";
		};
		F804F8B1206487BF006E1B15 /* weartherUITests */ = {
			isa = PBXNativeTarget;
			buildConfigurationList = F804F8C1206487BF006E1B15 /* Build configuration list for PBXNativeTarget "weartherUITests" */;
			buildPhases = (
				810A7B85E8CAC05D04900AF4 /* [CP] Check Pods Manifest.lock */,
				F804F8AE206487BF006E1B15 /* Sources */,
				F804F8AF206487BF006E1B15 /* Frameworks */,
				F804F8B0206487BF006E1B15 /* Resources */,
			);
			buildRules = (
			);
			dependencies = (
				F804F8B4206487BF006E1B15 /* PBXTargetDependency */,
			);
			name = weartherUITests;
			productName = weartherUITests;
			productReference = F804F8B2206487BF006E1B15 /* weartherUITests.xctest */;
			productType = "com.apple.product-type.bundle.ui-testing";
		};
/* End PBXNativeTarget section */

/* Begin PBXProject section */
		F804F888206487BE006E1B15 /* Project object */ = {
			isa = PBXProject;
			attributes = {
				LastSwiftUpdateCheck = 0920;
				LastUpgradeCheck = 0920;
				ORGANIZATIONNAME = "Amy Fang";
				TargetAttributes = {
					F804F88F206487BE006E1B15 = {
						CreatedOnToolsVersion = 9.2;
						ProvisioningStyle = Automatic;
					};
					F804F8A6206487BF006E1B15 = {
						CreatedOnToolsVersion = 9.2;
						ProvisioningStyle = Automatic;
						TestTargetID = F804F88F206487BE006E1B15;
					};
					F804F8B1206487BF006E1B15 = {
						CreatedOnToolsVersion = 9.2;
						ProvisioningStyle = Automatic;
						TestTargetID = F804F88F206487BE006E1B15;
					};
				};
			};
			buildConfigurationList = F804F88B206487BE006E1B15 /* Build configuration list for PBXProject "wearther" */;
			compatibilityVersion = "Xcode 8.0";
			developmentRegion = en;
			hasScannedForEncodings = 0;
			knownRegions = (
				en,
				Base,
			);
			mainGroup = F804F887206487BE006E1B15;
			productRefGroup = F804F891206487BE006E1B15 /* Products */;
			projectDirPath = "";
			projectRoot = "";
			targets = (
				F804F88F206487BE006E1B15 /* wearther */,
				F804F8A6206487BF006E1B15 /* weartherTests */,
				F804F8B1206487BF006E1B15 /* weartherUITests */,
			);
		};
/* End PBXProject section */

/* Begin PBXResourcesBuildPhase section */
		F804F88E206487BE006E1B15 /* Resources */ = {
			isa = PBXResourcesBuildPhase;
			buildActionMask = 2147483647;
			files = (
				661D52F620984DDD00F490E8 /* x.png in Resources */,
				661D52EE2098492E00F490E8 /* shorts.png in Resources */,
				661D5326209A7E4A00F490E8 /* photo.png in Resources */,
				661D52E82098480800F490E8 /* tshirt.png in Resources */,
				F804F8A1206487BE006E1B15 /* LaunchScreen.storyboard in Resources */,
				661D530C209908A800F490E8 /* delete.png in Resources */,
				F84A03B52097949100DCF8F1 /* GoogleService-Info.plist in Resources */,
				661D52EA2098486100F490E8 /* longsleeve.png in Resources */,
				661D5310209909B400F490E8 /* add.png in Resources */,
				661738FA209A8A90003EA7B9 /* alarm.png in Resources */,
				661D52EC209848CA00F490E8 /* pants.png in Resources */,
				661D5304209905DF00F490E8 /* arrow.png in Resources */,
				661D52F220984A1300F490E8 /* shoe.png in Resources */,
				66173903209A8C82003EA7B9 /* settings.png in Resources */,
				F804F89E206487BE006E1B15 /* Assets.xcassets in Resources */,
				661D52F02098498A00F490E8 /* dress.png in Resources */,
				F804F899206487BE006E1B15 /* Main.storyboard in Resources */,
			);
			runOnlyForDeploymentPostprocessing = 0;
		};
		F804F8A5206487BF006E1B15 /* Resources */ = {
			isa = PBXResourcesBuildPhase;
			buildActionMask = 2147483647;
			files = (
			);
			runOnlyForDeploymentPostprocessing = 0;
		};
		F804F8B0206487BF006E1B15 /* Resources */ = {
			isa = PBXResourcesBuildPhase;
			buildActionMask = 2147483647;
			files = (
			);
			runOnlyForDeploymentPostprocessing = 0;
		};
/* End PBXResourcesBuildPhase section */

/* Begin PBXShellScriptBuildPhase section */
		810A7B85E8CAC05D04900AF4 /* [CP] Check Pods Manifest.lock */ = {
			isa = PBXShellScriptBuildPhase;
			buildActionMask = 2147483647;
			files = (
			);
			inputPaths = (
				"${PODS_PODFILE_DIR_PATH}/Podfile.lock",
				"${PODS_ROOT}/Manifest.lock",
			);
			name = "[CP] Check Pods Manifest.lock";
			outputPaths = (
				"$(DERIVED_FILE_DIR)/Pods-weartherUITests-checkManifestLockResult.txt",
			);
			runOnlyForDeploymentPostprocessing = 0;
			shellPath = /bin/sh;
			shellScript = "diff \"${PODS_PODFILE_DIR_PATH}/Podfile.lock\" \"${PODS_ROOT}/Manifest.lock\" > /dev/null\nif [ $? != 0 ] ; then\n    # print error to STDERR\n    echo \"error: The sandbox is not in sync with the Podfile.lock. Run 'pod install' or update your CocoaPods installation.\" >&2\n    exit 1\nfi\n# This output is used by Xcode 'outputs' to avoid re-running this script phase.\necho \"SUCCESS\" > \"${SCRIPT_OUTPUT_FILE_0}\"\n";
			showEnvVarsInLog = 0;
		};
		B4AB1252B2B661E7E12B8087 /* [CP] Embed Pods Frameworks */ = {
			isa = PBXShellScriptBuildPhase;
			buildActionMask = 2147483647;
			files = (
			);
			inputPaths = (
				"${SRCROOT}/Pods/Target Support Files/Pods-wearther/Pods-wearther-frameworks.sh",
				"${BUILT_PRODUCTS_DIR}/GTMSessionFetcher/GTMSessionFetcher.framework",
				"${BUILT_PRODUCTS_DIR}/GoogleToolboxForMac/GoogleToolboxForMac.framework",
				"${BUILT_PRODUCTS_DIR}/leveldb-library/leveldb.framework",
				"${BUILT_PRODUCTS_DIR}/nanopb/nanopb.framework",
			);
			name = "[CP] Embed Pods Frameworks";
			outputPaths = (
				"${TARGET_BUILD_DIR}/${FRAMEWORKS_FOLDER_PATH}/GTMSessionFetcher.framework",
				"${TARGET_BUILD_DIR}/${FRAMEWORKS_FOLDER_PATH}/GoogleToolboxForMac.framework",
				"${TARGET_BUILD_DIR}/${FRAMEWORKS_FOLDER_PATH}/leveldb.framework",
				"${TARGET_BUILD_DIR}/${FRAMEWORKS_FOLDER_PATH}/nanopb.framework",
			);
			runOnlyForDeploymentPostprocessing = 0;
			shellPath = /bin/sh;
			shellScript = "\"${SRCROOT}/Pods/Target Support Files/Pods-wearther/Pods-wearther-frameworks.sh\"\n";
			showEnvVarsInLog = 0;
		};
		DBE794996C23D061360D685A /* [CP] Check Pods Manifest.lock */ = {
			isa = PBXShellScriptBuildPhase;
			buildActionMask = 2147483647;
			files = (
			);
			inputPaths = (
				"${PODS_PODFILE_DIR_PATH}/Podfile.lock",
				"${PODS_ROOT}/Manifest.lock",
			);
			name = "[CP] Check Pods Manifest.lock";
			outputPaths = (
				"$(DERIVED_FILE_DIR)/Pods-weartherTests-checkManifestLockResult.txt",
			);
			runOnlyForDeploymentPostprocessing = 0;
			shellPath = /bin/sh;
			shellScript = "diff \"${PODS_PODFILE_DIR_PATH}/Podfile.lock\" \"${PODS_ROOT}/Manifest.lock\" > /dev/null\nif [ $? != 0 ] ; then\n    # print error to STDERR\n    echo \"error: The sandbox is not in sync with the Podfile.lock. Run 'pod install' or update your CocoaPods installation.\" >&2\n    exit 1\nfi\n# This output is used by Xcode 'outputs' to avoid re-running this script phase.\necho \"SUCCESS\" > \"${SCRIPT_OUTPUT_FILE_0}\"\n";
			showEnvVarsInLog = 0;
		};
		E99AA92B0F42E9A51819D2C8 /* [CP] Check Pods Manifest.lock */ = {
			isa = PBXShellScriptBuildPhase;
			buildActionMask = 2147483647;
			files = (
			);
			inputPaths = (
				"${PODS_PODFILE_DIR_PATH}/Podfile.lock",
				"${PODS_ROOT}/Manifest.lock",
			);
			name = "[CP] Check Pods Manifest.lock";
			outputPaths = (
				"$(DERIVED_FILE_DIR)/Pods-wearther-checkManifestLockResult.txt",
			);
			runOnlyForDeploymentPostprocessing = 0;
			shellPath = /bin/sh;
			shellScript = "diff \"${PODS_PODFILE_DIR_PATH}/Podfile.lock\" \"${PODS_ROOT}/Manifest.lock\" > /dev/null\nif [ $? != 0 ] ; then\n    # print error to STDERR\n    echo \"error: The sandbox is not in sync with the Podfile.lock. Run 'pod install' or update your CocoaPods installation.\" >&2\n    exit 1\nfi\n# This output is used by Xcode 'outputs' to avoid re-running this script phase.\necho \"SUCCESS\" > \"${SCRIPT_OUTPUT_FILE_0}\"\n";
			showEnvVarsInLog = 0;
		};
/* End PBXShellScriptBuildPhase section */

/* Begin PBXSourcesBuildPhase section */
		F804F88C206487BE006E1B15 /* Sources */ = {
			isa = PBXSourcesBuildPhase;
			buildActionMask = 2147483647;
			files = (
				0A5A7D6A20803189007D1A6B /* ProfileViewController.swift in Sources */,
				F8219C28208130590057049B /* MyTabBarController.swift in Sources */,
				66173905209A9415003EA7B9 /* SettingsViewController.swift in Sources */,
				66633D89207C54C60086EDAD /* OutputViewController.swift in Sources */,
				F804F8C520648C24006E1B15 /* LoginViewController.swift in Sources */,
				0A99A4C7208FE5B200BE695E /* Weather.swift in Sources */,
				661D52FE20984F6200F490E8 /* DressViewController.swift in Sources */,
				661D52F820984EAE00F490E8 /* LongShirtViewController.swift in Sources */,
				F8D7FF6E209A97E100D20470 /* PicsCollectionViewCell.swift in Sources */,
				661D53182099388100F490E8 /* ChooseCategoryViewController.swift in Sources */,
				F804F8C720648C31006E1B15 /* RegisterViewController.swift in Sources */,
				661D52FC20984F5700F490E8 /* ShortsViewController.swift in Sources */,
				661D5328209A7F3A00F490E8 /* NotificationViewController.swift in Sources */,
				661D52E42098461800F490E8 /* DigClosetHomeViewController.swift in Sources */,
				F804F894206487BE006E1B15 /* AppDelegate.swift in Sources */,
				F8D7FF6C209A97B000D20470 /* CustomImageFlowLayout.swift in Sources */,
				661D530020984F6B00F490E8 /* ShoeViewController.swift in Sources */,
				0A99A4C8208FE5B200BE695E /* WeatherGetter.swift in Sources */,
				661D52F420984AF200F490E8 /* ShortShirtViewController.swift in Sources */,
				661D531420990CCE00F490E8 /* AddItemViewController.swift in Sources */,
				F804F89C206487BE006E1B15 /* wearther.xcdatamodeld in Sources */,
				0A99A4C4208FE58800BE695E /* DisplayViewController.swift in Sources */,
				661D52FA20984F4A00F490E8 /* PantViewController.swift in Sources */,
			);
			runOnlyForDeploymentPostprocessing = 0;
		};
		F804F8A3206487BF006E1B15 /* Sources */ = {
			isa = PBXSourcesBuildPhase;
			buildActionMask = 2147483647;
			files = (
				F804F8AC206487BF006E1B15 /* weartherTests.swift in Sources */,
			);
			runOnlyForDeploymentPostprocessing = 0;
		};
		F804F8AE206487BF006E1B15 /* Sources */ = {
			isa = PBXSourcesBuildPhase;
			buildActionMask = 2147483647;
			files = (
				F804F8B7206487BF006E1B15 /* weartherUITests.swift in Sources */,
			);
			runOnlyForDeploymentPostprocessing = 0;
		};
/* End PBXSourcesBuildPhase section */

/* Begin PBXTargetDependency section */
		F804F8A9206487BF006E1B15 /* PBXTargetDependency */ = {
			isa = PBXTargetDependency;
			target = F804F88F206487BE006E1B15 /* wearther */;
			targetProxy = F804F8A8206487BF006E1B15 /* PBXContainerItemProxy */;
		};
		F804F8B4206487BF006E1B15 /* PBXTargetDependency */ = {
			isa = PBXTargetDependency;
			target = F804F88F206487BE006E1B15 /* wearther */;
			targetProxy = F804F8B3206487BF006E1B15 /* PBXContainerItemProxy */;
		};
/* End PBXTargetDependency section */

/* Begin PBXVariantGroup section */
		F804F897206487BE006E1B15 /* Main.storyboard */ = {
			isa = PBXVariantGroup;
			children = (
				F804F898206487BE006E1B15 /* Base */,
			);
			name = Main.storyboard;
			sourceTree = "<group>";
		};
		F804F89F206487BE006E1B15 /* LaunchScreen.storyboard */ = {
			isa = PBXVariantGroup;
			children = (
				F804F8A0206487BE006E1B15 /* Base */,
			);
			name = LaunchScreen.storyboard;
			sourceTree = "<group>";
		};
/* End PBXVariantGroup section */

/* Begin XCBuildConfiguration section */
		F804F8B9206487BF006E1B15 /* Debug */ = {
			isa = XCBuildConfiguration;
			buildSettings = {
				ALWAYS_SEARCH_USER_PATHS = NO;
				CLANG_ANALYZER_NONNULL = YES;
				CLANG_ANALYZER_NUMBER_OBJECT_CONVERSION = YES_AGGRESSIVE;
				CLANG_CXX_LANGUAGE_STANDARD = "gnu++14";
				CLANG_CXX_LIBRARY = "libc++";
				CLANG_ENABLE_MODULES = YES;
				CLANG_ENABLE_OBJC_ARC = YES;
				CLANG_WARN_BLOCK_CAPTURE_AUTORELEASING = YES;
				CLANG_WARN_BOOL_CONVERSION = YES;
				CLANG_WARN_COMMA = YES;
				CLANG_WARN_CONSTANT_CONVERSION = YES;
				CLANG_WARN_DIRECT_OBJC_ISA_USAGE = YES_ERROR;
				CLANG_WARN_DOCUMENTATION_COMMENTS = YES;
				CLANG_WARN_EMPTY_BODY = YES;
				CLANG_WARN_ENUM_CONVERSION = YES;
				CLANG_WARN_INFINITE_RECURSION = YES;
				CLANG_WARN_INT_CONVERSION = YES;
				CLANG_WARN_NON_LITERAL_NULL_CONVERSION = YES;
				CLANG_WARN_OBJC_LITERAL_CONVERSION = YES;
				CLANG_WARN_OBJC_ROOT_CLASS = YES_ERROR;
				CLANG_WARN_RANGE_LOOP_ANALYSIS = YES;
				CLANG_WARN_STRICT_PROTOTYPES = YES;
				CLANG_WARN_SUSPICIOUS_MOVE = YES;
				CLANG_WARN_UNGUARDED_AVAILABILITY = YES_AGGRESSIVE;
				CLANG_WARN_UNREACHABLE_CODE = YES;
				CLANG_WARN__DUPLICATE_METHOD_MATCH = YES;
				CODE_SIGN_IDENTITY = "iPhone Developer";
				COPY_PHASE_STRIP = NO;
				DEBUG_INFORMATION_FORMAT = dwarf;
				ENABLE_STRICT_OBJC_MSGSEND = YES;
				ENABLE_TESTABILITY = YES;
				GCC_C_LANGUAGE_STANDARD = gnu11;
				GCC_DYNAMIC_NO_PIC = NO;
				GCC_NO_COMMON_BLOCKS = YES;
				GCC_OPTIMIZATION_LEVEL = 0;
				GCC_PREPROCESSOR_DEFINITIONS = (
					"DEBUG=1",
					"$(inherited)",
				);
				GCC_WARN_64_TO_32_BIT_CONVERSION = YES;
				GCC_WARN_ABOUT_RETURN_TYPE = YES_ERROR;
				GCC_WARN_UNDECLARED_SELECTOR = YES;
				GCC_WARN_UNINITIALIZED_AUTOS = YES_AGGRESSIVE;
				GCC_WARN_UNUSED_FUNCTION = YES;
				GCC_WARN_UNUSED_VARIABLE = YES;
				IPHONEOS_DEPLOYMENT_TARGET = 11.2;
				MTL_ENABLE_DEBUG_INFO = YES;
				ONLY_ACTIVE_ARCH = YES;
				SDKROOT = iphoneos;
				SWIFT_ACTIVE_COMPILATION_CONDITIONS = DEBUG;
				SWIFT_OPTIMIZATION_LEVEL = "-Onone";
			};
			name = Debug;
		};
		F804F8BA206487BF006E1B15 /* Release */ = {
			isa = XCBuildConfiguration;
			buildSettings = {
				ALWAYS_SEARCH_USER_PATHS = NO;
				CLANG_ANALYZER_NONNULL = YES;
				CLANG_ANALYZER_NUMBER_OBJECT_CONVERSION = YES_AGGRESSIVE;
				CLANG_CXX_LANGUAGE_STANDARD = "gnu++14";
				CLANG_CXX_LIBRARY = "libc++";
				CLANG_ENABLE_MODULES = YES;
				CLANG_ENABLE_OBJC_ARC = YES;
				CLANG_WARN_BLOCK_CAPTURE_AUTORELEASING = YES;
				CLANG_WARN_BOOL_CONVERSION = YES;
				CLANG_WARN_COMMA = YES;
				CLANG_WARN_CONSTANT_CONVERSION = YES;
				CLANG_WARN_DIRECT_OBJC_ISA_USAGE = YES_ERROR;
				CLANG_WARN_DOCUMENTATION_COMMENTS = YES;
				CLANG_WARN_EMPTY_BODY = YES;
				CLANG_WARN_ENUM_CONVERSION = YES;
				CLANG_WARN_INFINITE_RECURSION = YES;
				CLANG_WARN_INT_CONVERSION = YES;
				CLANG_WARN_NON_LITERAL_NULL_CONVERSION = YES;
				CLANG_WARN_OBJC_LITERAL_CONVERSION = YES;
				CLANG_WARN_OBJC_ROOT_CLASS = YES_ERROR;
				CLANG_WARN_RANGE_LOOP_ANALYSIS = YES;
				CLANG_WARN_STRICT_PROTOTYPES = YES;
				CLANG_WARN_SUSPICIOUS_MOVE = YES;
				CLANG_WARN_UNGUARDED_AVAILABILITY = YES_AGGRESSIVE;
				CLANG_WARN_UNREACHABLE_CODE = YES;
				CLANG_WARN__DUPLICATE_METHOD_MATCH = YES;
				CODE_SIGN_IDENTITY = "iPhone Developer";
				COPY_PHASE_STRIP = NO;
				DEBUG_INFORMATION_FORMAT = "dwarf-with-dsym";
				ENABLE_NS_ASSERTIONS = NO;
				ENABLE_STRICT_OBJC_MSGSEND = YES;
				GCC_C_LANGUAGE_STANDARD = gnu11;
				GCC_NO_COMMON_BLOCKS = YES;
				GCC_WARN_64_TO_32_BIT_CONVERSION = YES;
				GCC_WARN_ABOUT_RETURN_TYPE = YES_ERROR;
				GCC_WARN_UNDECLARED_SELECTOR = YES;
				GCC_WARN_UNINITIALIZED_AUTOS = YES_AGGRESSIVE;
				GCC_WARN_UNUSED_FUNCTION = YES;
				GCC_WARN_UNUSED_VARIABLE = YES;
				IPHONEOS_DEPLOYMENT_TARGET = 11.2;
				MTL_ENABLE_DEBUG_INFO = NO;
				SDKROOT = iphoneos;
				SWIFT_OPTIMIZATION_LEVEL = "-Owholemodule";
				VALIDATE_PRODUCT = YES;
			};
			name = Release;
		};
		F804F8BC206487BF006E1B15 /* Debug */ = {
			isa = XCBuildConfiguration;
			baseConfigurationReference = 09C67DB73A9BBD065D614794 /* Pods-wearther.debug.xcconfig */;
			buildSettings = {
				ASSETCATALOG_COMPILER_APPICON_NAME = AppIcon;
				CODE_SIGN_STYLE = Automatic;
				INFOPLIST_FILE = wearther/Info.plist;
				LD_RUNPATH_SEARCH_PATHS = "$(inherited) @executable_path/Frameworks";
				PRODUCT_BUNDLE_IDENTIFIER = com.amyfang.wearther;
				PRODUCT_NAME = "$(TARGET_NAME)";
				SWIFT_VERSION = 4.0;
				TARGETED_DEVICE_FAMILY = "1,2";
			};
			name = Debug;
		};
		F804F8BD206487BF006E1B15 /* Release */ = {
			isa = XCBuildConfiguration;
			baseConfigurationReference = F55B678834A53BE4E15244EB /* Pods-wearther.release.xcconfig */;
			buildSettings = {
				ASSETCATALOG_COMPILER_APPICON_NAME = AppIcon;
				CODE_SIGN_STYLE = Automatic;
				INFOPLIST_FILE = wearther/Info.plist;
				LD_RUNPATH_SEARCH_PATHS = "$(inherited) @executable_path/Frameworks";
				PRODUCT_BUNDLE_IDENTIFIER = com.amyfang.wearther;
				PRODUCT_NAME = "$(TARGET_NAME)";
				SWIFT_VERSION = 4.0;
				TARGETED_DEVICE_FAMILY = "1,2";
			};
			name = Release;
		};
		F804F8BF206487BF006E1B15 /* Debug */ = {
			isa = XCBuildConfiguration;
			baseConfigurationReference = 27DB000AD6FF9FC1D9363C68 /* Pods-weartherTests.debug.xcconfig */;
			buildSettings = {
				ALWAYS_EMBED_SWIFT_STANDARD_LIBRARIES = YES;
				BUNDLE_LOADER = "$(TEST_HOST)";
				CODE_SIGN_STYLE = Automatic;
				INFOPLIST_FILE = weartherTests/Info.plist;
				LD_RUNPATH_SEARCH_PATHS = "$(inherited) @executable_path/Frameworks @loader_path/Frameworks";
				PRODUCT_BUNDLE_IDENTIFIER = com.amyfang.weartherTests;
				PRODUCT_NAME = "$(TARGET_NAME)";
				SWIFT_VERSION = 4.0;
				TARGETED_DEVICE_FAMILY = "1,2";
				TEST_HOST = "$(BUILT_PRODUCTS_DIR)/wearther.app/wearther";
			};
			name = Debug;
		};
		F804F8C0206487BF006E1B15 /* Release */ = {
			isa = XCBuildConfiguration;
			baseConfigurationReference = E38051C037E1551C731E28E0 /* Pods-weartherTests.release.xcconfig */;
			buildSettings = {
				ALWAYS_EMBED_SWIFT_STANDARD_LIBRARIES = YES;
				BUNDLE_LOADER = "$(TEST_HOST)";
				CODE_SIGN_STYLE = Automatic;
				INFOPLIST_FILE = weartherTests/Info.plist;
				LD_RUNPATH_SEARCH_PATHS = "$(inherited) @executable_path/Frameworks @loader_path/Frameworks";
				PRODUCT_BUNDLE_IDENTIFIER = com.amyfang.weartherTests;
				PRODUCT_NAME = "$(TARGET_NAME)";
				SWIFT_VERSION = 4.0;
				TARGETED_DEVICE_FAMILY = "1,2";
				TEST_HOST = "$(BUILT_PRODUCTS_DIR)/wearther.app/wearther";
			};
			name = Release;
		};
		F804F8C2206487BF006E1B15 /* Debug */ = {
			isa = XCBuildConfiguration;
			baseConfigurationReference = 05BF01339242F0822E6D0FDC /* Pods-weartherUITests.debug.xcconfig */;
			buildSettings = {
				ALWAYS_EMBED_SWIFT_STANDARD_LIBRARIES = YES;
				CODE_SIGN_STYLE = Automatic;
				INFOPLIST_FILE = weartherUITests/Info.plist;
				LD_RUNPATH_SEARCH_PATHS = "$(inherited) @executable_path/Frameworks @loader_path/Frameworks";
				PRODUCT_BUNDLE_IDENTIFIER = com.amyfang.weartherUITests;
				PRODUCT_NAME = "$(TARGET_NAME)";
				SWIFT_VERSION = 4.0;
				TARGETED_DEVICE_FAMILY = "1,2";
				TEST_TARGET_NAME = wearther;
			};
			name = Debug;
		};
		F804F8C3206487BF006E1B15 /* Release */ = {
			isa = XCBuildConfiguration;
			baseConfigurationReference = BBC36C981C3CF53E896CE379 /* Pods-weartherUITests.release.xcconfig */;
			buildSettings = {
				ALWAYS_EMBED_SWIFT_STANDARD_LIBRARIES = YES;
				CODE_SIGN_STYLE = Automatic;
				INFOPLIST_FILE = weartherUITests/Info.plist;
				LD_RUNPATH_SEARCH_PATHS = "$(inherited) @executable_path/Frameworks @loader_path/Frameworks";
				PRODUCT_BUNDLE_IDENTIFIER = com.amyfang.weartherUITests;
				PRODUCT_NAME = "$(TARGET_NAME)";
				SWIFT_VERSION = 4.0;
				TARGETED_DEVICE_FAMILY = "1,2";
				TEST_TARGET_NAME = wearther;
			};
			name = Release;
		};
/* End XCBuildConfiguration section */

/* Begin XCConfigurationList section */
		F804F88B206487BE006E1B15 /* Build configuration list for PBXProject "wearther" */ = {
			isa = XCConfigurationList;
			buildConfigurations = (
				F804F8B9206487BF006E1B15 /* Debug */,
				F804F8BA206487BF006E1B15 /* Release */,
			);
			defaultConfigurationIsVisible = 0;
			defaultConfigurationName = Release;
		};
		F804F8BB206487BF006E1B15 /* Build configuration list for PBXNativeTarget "wearther" */ = {
			isa = XCConfigurationList;
			buildConfigurations = (
				F804F8BC206487BF006E1B15 /* Debug */,
				F804F8BD206487BF006E1B15 /* Release */,
			);
			defaultConfigurationIsVisible = 0;
			defaultConfigurationName = Release;
		};
		F804F8BE206487BF006E1B15 /* Build configuration list for PBXNativeTarget "weartherTests" */ = {
			isa = XCConfigurationList;
			buildConfigurations = (
				F804F8BF206487BF006E1B15 /* Debug */,
				F804F8C0206487BF006E1B15 /* Release */,
			);
			defaultConfigurationIsVisible = 0;
			defaultConfigurationName = Release;
		};
		F804F8C1206487BF006E1B15 /* Build configuration list for PBXNativeTarget "weartherUITests" */ = {
			isa = XCConfigurationList;
			buildConfigurations = (
				F804F8C2206487BF006E1B15 /* Debug */,
				F804F8C3206487BF006E1B15 /* Release */,
			);
			defaultConfigurationIsVisible = 0;
			defaultConfigurationName = Release;
		};
/* End XCConfigurationList section */

/* Begin XCVersionGroup section */
		F804F89A206487BE006E1B15 /* wearther.xcdatamodeld */ = {
			isa = XCVersionGroup;
			children = (
				F804F89B206487BE006E1B15 /* wearther.xcdatamodel */,
			);
			currentVersion = F804F89B206487BE006E1B15 /* wearther.xcdatamodel */;
			path = wearther.xcdatamodeld;
			sourceTree = "<group>";
			versionGroupType = wrapper.xcdatamodel;
		};
/* End XCVersionGroup section */
	};
	rootObject = F804F888206487BE006E1B15 /* Project object */;
}
