// !$*UTF8*$!
{
	archiveVersion = 1;
	classes = {
	};
	objectVersion = 48;
	objects = {

/* Begin PBXBuildFile section */
		661D869D2061C6CC001666A4 /* AppDelegate.swift in Sources */ = {isa = PBXBuildFile; fileRef = 661D869C2061C6CC001666A4 /* AppDelegate.swift */; };
		661D869F2061C6CC001666A4 /* ViewController.swift in Sources */ = {isa = PBXBuildFile; fileRef = 661D869E2061C6CC001666A4 /* ViewController.swift */; };
		661D86A22061C6CC001666A4 /* Main.storyboard in Resources */ = {isa = PBXBuildFile; fileRef = 661D86A02061C6CC001666A4 /* Main.storyboard */; };
		661D86A42061C6CC001666A4 /* Assets.xcassets in Resources */ = {isa = PBXBuildFile; fileRef = 661D86A32061C6CC001666A4 /* Assets.xcassets */; };
		661D86A72061C6CC001666A4 /* LaunchScreen.storyboard in Resources */ = {isa = PBXBuildFile; fileRef = 661D86A52061C6CC001666A4 /* LaunchScreen.storyboard */; };
		661D86B22061C6CC001666A4 /* weartherTests.swift in Sources */ = {isa = PBXBuildFile; fileRef = 661D86B12061C6CC001666A4 /* weartherTests.swift */; };
		661D86BD2061C6CC001666A4 /* weartherUITests.swift in Sources */ = {isa = PBXBuildFile; fileRef = 661D86BC2061C6CC001666A4 /* weartherUITests.swift */; };
/* End PBXBuildFile section */

/* Begin PBXContainerItemProxy section */
		661D86AE2061C6CC001666A4 /* PBXContainerItemProxy */ = {
			isa = PBXContainerItemProxy;
			containerPortal = 661D86912061C6CB001666A4 /* Project object */;
			proxyType = 1;
			remoteGlobalIDString = 661D86982061C6CC001666A4;
			remoteInfo = wearther;
		};
		661D86B92061C6CC001666A4 /* PBXContainerItemProxy */ = {
			isa = PBXContainerItemProxy;
			containerPortal = 661D86912061C6CB001666A4 /* Project object */;
			proxyType = 1;
			remoteGlobalIDString = 661D86982061C6CC001666A4;
			remoteInfo = wearther;
		};
/* End PBXContainerItemProxy section */

/* Begin PBXFileReference section */
		661D86992061C6CC001666A4 /* wearther.app */ = {isa = PBXFileReference; explicitFileType = wrapper.application; includeInIndex = 0; path = wearther.app; sourceTree = BUILT_PRODUCTS_DIR; };
		661D869C2061C6CC001666A4 /* AppDelegate.swift */ = {isa = PBXFileReference; lastKnownFileType = sourcecode.swift; path = AppDelegate.swift; sourceTree = "<group>"; };
		661D869E2061C6CC001666A4 /* ViewController.swift */ = {isa = PBXFileReference; lastKnownFileType = sourcecode.swift; path = ViewController.swift; sourceTree = "<group>"; };
		661D86A12061C6CC001666A4 /* Base */ = {isa = PBXFileReference; lastKnownFileType = file.storyboard; name = Base; path = Base.lproj/Main.storyboard; sourceTree = "<group>"; };
		661D86A32061C6CC001666A4 /* Assets.xcassets */ = {isa = PBXFileReference; lastKnownFileType = folder.assetcatalog; path = Assets.xcassets; sourceTree = "<group>"; };
		661D86A62061C6CC001666A4 /* Base */ = {isa = PBXFileReference; lastKnownFileType = file.storyboard; name = Base; path = Base.lproj/LaunchScreen.storyboard; sourceTree = "<group>"; };
		661D86A82061C6CC001666A4 /* Info.plist */ = {isa = PBXFileReference; lastKnownFileType = text.plist.xml; path = Info.plist; sourceTree = "<group>"; };
		661D86AD2061C6CC001666A4 /* weartherTests.xctest */ = {isa = PBXFileReference; explicitFileType = wrapper.cfbundle; includeInIndex = 0; path = weartherTests.xctest; sourceTree = BUILT_PRODUCTS_DIR; };
		661D86B12061C6CC001666A4 /* weartherTests.swift */ = {isa = PBXFileReference; lastKnownFileType = sourcecode.swift; path = weartherTests.swift; sourceTree = "<group>"; };
		661D86B32061C6CC001666A4 /* Info.plist */ = {isa = PBXFileReference; lastKnownFileType = text.plist.xml; path = Info.plist; sourceTree = "<group>"; };
		661D86B82061C6CC001666A4 /* weartherUITests.xctest */ = {isa = PBXFileReference; explicitFileType = wrapper.cfbundle; includeInIndex = 0; path = weartherUITests.xctest; sourceTree = BUILT_PRODUCTS_DIR; };
		661D86BC2061C6CC001666A4 /* weartherUITests.swift */ = {isa = PBXFileReference; lastKnownFileType = sourcecode.swift; path = weartherUITests.swift; sourceTree = "<group>"; };
		661D86BE2061C6CC001666A4 /* Info.plist */ = {isa = PBXFileReference; lastKnownFileType = text.plist.xml; path = Info.plist; sourceTree = "<group>"; };
/* End PBXFileReference section */

/* Begin PBXFrameworksBuildPhase section */
		661D86962061C6CC001666A4 /* Frameworks */ = {
			isa = PBXFrameworksBuildPhase;
			buildActionMask = 2147483647;
			files = (
			);
			runOnlyForDeploymentPostprocessing = 0;
		};
		661D86AA2061C6CC001666A4 /* Frameworks */ = {
			isa = PBXFrameworksBuildPhase;
			buildActionMask = 2147483647;
			files = (
			);
			runOnlyForDeploymentPostprocessing = 0;
		};
		661D86B52061C6CC001666A4 /* Frameworks */ = {
			isa = PBXFrameworksBuildPhase;
			buildActionMask = 2147483647;
			files = (
			);
			runOnlyForDeploymentPostprocessing = 0;
		};
/* End PBXFrameworksBuildPhase section */

/* Begin PBXGroup section */
		661D86902061C6CB001666A4 = {
			isa = PBXGroup;
			children = (
				661D869B2061C6CC001666A4 /* wearther */,
				661D86B02061C6CC001666A4 /* weartherTests */,
				661D86BB2061C6CC001666A4 /* weartherUITests */,
				661D869A2061C6CC001666A4 /* Products */,
			);
			sourceTree = "<group>";
		};
		661D869A2061C6CC001666A4 /* Products */ = {
			isa = PBXGroup;
			children = (
				661D86992061C6CC001666A4 /* wearther.app */,
				661D86AD2061C6CC001666A4 /* weartherTests.xctest */,
				661D86B82061C6CC001666A4 /* weartherUITests.xctest */,
			);
			name = Products;
			sourceTree = "<group>";
		};
		661D869B2061C6CC001666A4 /* wearther */ = {
			isa = PBXGroup;
			children = (
				661D869C2061C6CC001666A4 /* AppDelegate.swift */,
				661D869E2061C6CC001666A4 /* ViewController.swift */,
				661D86A02061C6CC001666A4 /* Main.storyboard */,
				661D86A32061C6CC001666A4 /* Assets.xcassets */,
				661D86A52061C6CC001666A4 /* LaunchScreen.storyboard */,
				661D86A82061C6CC001666A4 /* Info.plist */,
			);
			path = wearther;
			sourceTree = "<group>";
		};
		661D86B02061C6CC001666A4 /* weartherTests */ = {
			isa = PBXGroup;
			children = (
				661D86B12061C6CC001666A4 /* weartherTests.swift */,
				661D86B32061C6CC001666A4 /* Info.plist */,
			);
			path = weartherTests;
			sourceTree = "<group>";
		};
		661D86BB2061C6CC001666A4 /* weartherUITests */ = {
			isa = PBXGroup;
			children = (
				661D86BC2061C6CC001666A4 /* weartherUITests.swift */,
				661D86BE2061C6CC001666A4 /* Info.plist */,
			);
			path = weartherUITests;
			sourceTree = "<group>";
		};
/* End PBXGroup section */

/* Begin PBXNativeTarget section */
		661D86982061C6CC001666A4 /* wearther */ = {
			isa = PBXNativeTarget;
			buildConfigurationList = 661D86C12061C6CC001666A4 /* Build configuration list for PBXNativeTarget "wearther" */;
			buildPhases = (
				661D86952061C6CC001666A4 /* Sources */,
				661D86962061C6CC001666A4 /* Frameworks */,
				661D86972061C6CC001666A4 /* Resources */,
			);
			buildRules = (
			);
			dependencies = (
			);
			name = wearther;
			productName = wearther;
			productReference = 661D86992061C6CC001666A4 /* wearther.app */;
			productType = "com.apple.product-type.application";
		};
		661D86AC2061C6CC001666A4 /* weartherTests */ = {
			isa = PBXNativeTarget;
			buildConfigurationList = 661D86C42061C6CC001666A4 /* Build configuration list for PBXNativeTarget "weartherTests" */;
			buildPhases = (
				661D86A92061C6CC001666A4 /* Sources */,
				661D86AA2061C6CC001666A4 /* Frameworks */,
				661D86AB2061C6CC001666A4 /* Resources */,
			);
			buildRules = (
			);
			dependencies = (
				661D86AF2061C6CC001666A4 /* PBXTargetDependency */,
			);
			name = weartherTests;
			productName = weartherTests;
			productReference = 661D86AD2061C6CC001666A4 /* weartherTests.xctest */;
			productType = "com.apple.product-type.bundle.unit-test";
		};
		661D86B72061C6CC001666A4 /* weartherUITests */ = {
			isa = PBXNativeTarget;
			buildConfigurationList = 661D86C72061C6CC001666A4 /* Build configuration list for PBXNativeTarget "weartherUITests" */;
			buildPhases = (
				661D86B42061C6CC001666A4 /* Sources */,
				661D86B52061C6CC001666A4 /* Frameworks */,
				661D86B62061C6CC001666A4 /* Resources */,
			);
			buildRules = (
			);
			dependencies = (
				661D86BA2061C6CC001666A4 /* PBXTargetDependency */,
			);
			name = weartherUITests;
			productName = weartherUITests;
			productReference = 661D86B82061C6CC001666A4 /* weartherUITests.xctest */;
			productType = "com.apple.product-type.bundle.ui-testing";
		};
/* End PBXNativeTarget section */

/* Begin PBXProject section */
		661D86912061C6CB001666A4 /* Project object */ = {
			isa = PBXProject;
			attributes = {
				LastSwiftUpdateCheck = 0920;
				LastUpgradeCheck = 0920;
				ORGANIZATIONNAME = "Tiasha Joardar";
				TargetAttributes = {
					661D86982061C6CC001666A4 = {
						CreatedOnToolsVersion = 9.2;
						ProvisioningStyle = Automatic;
					};
					661D86AC2061C6CC001666A4 = {
						CreatedOnToolsVersion = 9.2;
						ProvisioningStyle = Automatic;
						TestTargetID = 661D86982061C6CC001666A4;
					};
					661D86B72061C6CC001666A4 = {
						CreatedOnToolsVersion = 9.2;
						ProvisioningStyle = Automatic;
						TestTargetID = 661D86982061C6CC001666A4;
					};
				};
			};
			buildConfigurationList = 661D86942061C6CB001666A4 /* Build configuration list for PBXProject "wearther" */;
			compatibilityVersion = "Xcode 8.0";
			developmentRegion = en;
			hasScannedForEncodings = 0;
			knownRegions = (
				en,
				Base,
			);
			mainGroup = 661D86902061C6CB001666A4;
			productRefGroup = 661D869A2061C6CC001666A4 /* Products */;
			projectDirPath = "";
			projectRoot = "";
			targets = (
				661D86982061C6CC001666A4 /* wearther */,
				661D86AC2061C6CC001666A4 /* weartherTests */,
				661D86B72061C6CC001666A4 /* weartherUITests */,
			);
		};
/* End PBXProject section */

/* Begin PBXResourcesBuildPhase section */
		661D86972061C6CC001666A4 /* Resources */ = {
			isa = PBXResourcesBuildPhase;
			buildActionMask = 2147483647;
			files = (
				661D86A72061C6CC001666A4 /* LaunchScreen.storyboard in Resources */,
				661D86A42061C6CC001666A4 /* Assets.xcassets in Resources */,
				661D86A22061C6CC001666A4 /* Main.storyboard in Resources */,
			);
			runOnlyForDeploymentPostprocessing = 0;
		};
		661D86AB2061C6CC001666A4 /* Resources */ = {
			isa = PBXResourcesBuildPhase;
			buildActionMask = 2147483647;
			files = (
			);
			runOnlyForDeploymentPostprocessing = 0;
		};
		661D86B62061C6CC001666A4 /* Resources */ = {
			isa = PBXResourcesBuildPhase;
			buildActionMask = 2147483647;
			files = (
			);
			runOnlyForDeploymentPostprocessing = 0;
		};
/* End PBXResourcesBuildPhase section */

/* Begin PBXSourcesBuildPhase section */
		661D86952061C6CC001666A4 /* Sources */ = {
			isa = PBXSourcesBuildPhase;
			buildActionMask = 2147483647;
			files = (
				661D869F2061C6CC001666A4 /* ViewController.swift in Sources */,
				661D869D2061C6CC001666A4 /* AppDelegate.swift in Sources */,
			);
			runOnlyForDeploymentPostprocessing = 0;
		};
		661D86A92061C6CC001666A4 /* Sources */ = {
			isa = PBXSourcesBuildPhase;
			buildActionMask = 2147483647;
			files = (
				661D86B22061C6CC001666A4 /* weartherTests.swift in Sources */,
			);
			runOnlyForDeploymentPostprocessing = 0;
		};
		661D86B42061C6CC001666A4 /* Sources */ = {
			isa = PBXSourcesBuildPhase;
			buildActionMask = 2147483647;
			files = (
				661D86BD2061C6CC001666A4 /* weartherUITests.swift in Sources */,
			);
			runOnlyForDeploymentPostprocessing = 0;
		};
/* End PBXSourcesBuildPhase section */

/* Begin PBXTargetDependency section */
		661D86AF2061C6CC001666A4 /* PBXTargetDependency */ = {
			isa = PBXTargetDependency;
			target = 661D86982061C6CC001666A4 /* wearther */;
			targetProxy = 661D86AE2061C6CC001666A4 /* PBXContainerItemProxy */;
		};
		661D86BA2061C6CC001666A4 /* PBXTargetDependency */ = {
			isa = PBXTargetDependency;
			target = 661D86982061C6CC001666A4 /* wearther */;
			targetProxy = 661D86B92061C6CC001666A4 /* PBXContainerItemProxy */;
		};
/* End PBXTargetDependency section */

/* Begin PBXVariantGroup section */
		661D86A02061C6CC001666A4 /* Main.storyboard */ = {
			isa = PBXVariantGroup;
			children = (
				661D86A12061C6CC001666A4 /* Base */,
			);
			name = Main.storyboard;
			sourceTree = "<group>";
		};
		661D86A52061C6CC001666A4 /* LaunchScreen.storyboard */ = {
			isa = PBXVariantGroup;
			children = (
				661D86A62061C6CC001666A4 /* Base */,
			);
			name = LaunchScreen.storyboard;
			sourceTree = "<group>";
		};
/* End PBXVariantGroup section */

/* Begin XCBuildConfiguration section */
		661D86BF2061C6CC001666A4 /* Debug */ = {
			isa = XCBuildConfiguration;
			buildSettings = {
				ALWAYS_SEARCH_USER_PATHS = NO;
				CLANG_ANALYZER_NONNULL = YES;
				CLANG_ANALYZER_NUMBER_OBJECT_CONVERSION = YES_AGGRESSIVE;
				CLANG_CXX_LANGUAGE_STANDARD = "gnu++14";
				CLANG_CXX_LIBRARY = "libc++";
				CLANG_ENABLE_MODULES = YES;
				CLANG_ENABLE_OBJC_ARC = YES;
				CLANG_WARN_BLOCK_CAPTURE_AUTORELEASING = YES;
				CLANG_WARN_BOOL_CONVERSION = YES;
				CLANG_WARN_COMMA = YES;
				CLANG_WARN_CONSTANT_CONVERSION = YES;
				CLANG_WARN_DIRECT_OBJC_ISA_USAGE = YES_ERROR;
				CLANG_WARN_DOCUMENTATION_COMMENTS = YES;
				CLANG_WARN_EMPTY_BODY = YES;
				CLANG_WARN_ENUM_CONVERSION = YES;
				CLANG_WARN_INFINITE_RECURSION = YES;
				CLANG_WARN_INT_CONVERSION = YES;
				CLANG_WARN_NON_LITERAL_NULL_CONVERSION = YES;
				CLANG_WARN_OBJC_LITERAL_CONVERSION = YES;
				CLANG_WARN_OBJC_ROOT_CLASS = YES_ERROR;
				CLANG_WARN_RANGE_LOOP_ANALYSIS = YES;
				CLANG_WARN_STRICT_PROTOTYPES = YES;
				CLANG_WARN_SUSPICIOUS_MOVE = YES;
				CLANG_WARN_UNGUARDED_AVAILABILITY = YES_AGGRESSIVE;
				CLANG_WARN_UNREACHABLE_CODE = YES;
				CLANG_WARN__DUPLICATE_METHOD_MATCH = YES;
				CODE_SIGN_IDENTITY = "iPhone Developer";
				COPY_PHASE_STRIP = NO;
				DEBUG_INFORMATION_FORMAT = dwarf;
				ENABLE_STRICT_OBJC_MSGSEND = YES;
				ENABLE_TESTABILITY = YES;
				GCC_C_LANGUAGE_STANDARD = gnu11;
				GCC_DYNAMIC_NO_PIC = NO;
				GCC_NO_COMMON_BLOCKS = YES;
				GCC_OPTIMIZATION_LEVEL = 0;
				GCC_PREPROCESSOR_DEFINITIONS = (
					"DEBUG=1",
					"$(inherited)",
				);
				GCC_WARN_64_TO_32_BIT_CONVERSION = YES;
				GCC_WARN_ABOUT_RETURN_TYPE = YES_ERROR;
				GCC_WARN_UNDECLARED_SELECTOR = YES;
				GCC_WARN_UNINITIALIZED_AUTOS = YES_AGGRESSIVE;
				GCC_WARN_UNUSED_FUNCTION = YES;
				GCC_WARN_UNUSED_VARIABLE = YES;
				IPHONEOS_DEPLOYMENT_TARGET = 11.2;
				MTL_ENABLE_DEBUG_INFO = YES;
				ONLY_ACTIVE_ARCH = YES;
				SDKROOT = iphoneos;
				SWIFT_ACTIVE_COMPILATION_CONDITIONS = DEBUG;
				SWIFT_OPTIMIZATION_LEVEL = "-Onone";
			};
			name = Debug;
		};
		661D86C02061C6CC001666A4 /* Release */ = {
			isa = XCBuildConfiguration;
			buildSettings = {
				ALWAYS_SEARCH_USER_PATHS = NO;
				CLANG_ANALYZER_NONNULL = YES;
				CLANG_ANALYZER_NUMBER_OBJECT_CONVERSION = YES_AGGRESSIVE;
				CLANG_CXX_LANGUAGE_STANDARD = "gnu++14";
				CLANG_CXX_LIBRARY = "libc++";
				CLANG_ENABLE_MODULES = YES;
				CLANG_ENABLE_OBJC_ARC = YES;
				CLANG_WARN_BLOCK_CAPTURE_AUTORELEASING = YES;
				CLANG_WARN_BOOL_CONVERSION = YES;
				CLANG_WARN_COMMA = YES;
				CLANG_WARN_CONSTANT_CONVERSION = YES;
				CLANG_WARN_DIRECT_OBJC_ISA_USAGE = YES_ERROR;
				CLANG_WARN_DOCUMENTATION_COMMENTS = YES;
				CLANG_WARN_EMPTY_BODY = YES;
				CLANG_WARN_ENUM_CONVERSION = YES;
				CLANG_WARN_INFINITE_RECURSION = YES;
				CLANG_WARN_INT_CONVERSION = YES;
				CLANG_WARN_NON_LITERAL_NULL_CONVERSION = YES;
				CLANG_WARN_OBJC_LITERAL_CONVERSION = YES;
				CLANG_WARN_OBJC_ROOT_CLASS = YES_ERROR;
				CLANG_WARN_RANGE_LOOP_ANALYSIS = YES;
				CLANG_WARN_STRICT_PROTOTYPES = YES;
				CLANG_WARN_SUSPICIOUS_MOVE = YES;
				CLANG_WARN_UNGUARDED_AVAILABILITY = YES_AGGRESSIVE;
				CLANG_WARN_UNREACHABLE_CODE = YES;
				CLANG_WARN__DUPLICATE_METHOD_MATCH = YES;
				CODE_SIGN_IDENTITY = "iPhone Developer";
				COPY_PHASE_STRIP = NO;
				DEBUG_INFORMATION_FORMAT = "dwarf-with-dsym";
				ENABLE_NS_ASSERTIONS = NO;
				ENABLE_STRICT_OBJC_MSGSEND = YES;
				GCC_C_LANGUAGE_STANDARD = gnu11;
				GCC_NO_COMMON_BLOCKS = YES;
				GCC_WARN_64_TO_32_BIT_CONVERSION = YES;
				GCC_WARN_ABOUT_RETURN_TYPE = YES_ERROR;
				GCC_WARN_UNDECLARED_SELECTOR = YES;
				GCC_WARN_UNINITIALIZED_AUTOS = YES_AGGRESSIVE;
				GCC_WARN_UNUSED_FUNCTION = YES;
				GCC_WARN_UNUSED_VARIABLE = YES;
				IPHONEOS_DEPLOYMENT_TARGET = 11.2;
				MTL_ENABLE_DEBUG_INFO = NO;
				SDKROOT = iphoneos;
				SWIFT_OPTIMIZATION_LEVEL = "-Owholemodule";
				VALIDATE_PRODUCT = YES;
			};
			name = Release;
		};
		661D86C22061C6CC001666A4 /* Debug */ = {
			isa = XCBuildConfiguration;
			buildSettings = {
				ASSETCATALOG_COMPILER_APPICON_NAME = AppIcon;
				CODE_SIGN_STYLE = Automatic;
				INFOPLIST_FILE = wearther/Info.plist;
				LD_RUNPATH_SEARCH_PATHS = "$(inherited) @executable_path/Frameworks";
				PRODUCT_BUNDLE_IDENTIFIER = CS329e.wearther;
				PRODUCT_NAME = "$(TARGET_NAME)";
				SWIFT_VERSION = 4.0;
				TARGETED_DEVICE_FAMILY = "1,2";
			};
			name = Debug;
		};
		661D86C32061C6CC001666A4 /* Release */ = {
			isa = XCBuildConfiguration;
			buildSettings = {
				ASSETCATALOG_COMPILER_APPICON_NAME = AppIcon;
				CODE_SIGN_STYLE = Automatic;
				INFOPLIST_FILE = wearther/Info.plist;
				LD_RUNPATH_SEARCH_PATHS = "$(inherited) @executable_path/Frameworks";
				PRODUCT_BUNDLE_IDENTIFIER = CS329e.wearther;
				PRODUCT_NAME = "$(TARGET_NAME)";
				SWIFT_VERSION = 4.0;
				TARGETED_DEVICE_FAMILY = "1,2";
			};
			name = Release;
		};
		661D86C52061C6CC001666A4 /* Debug */ = {
			isa = XCBuildConfiguration;
			buildSettings = {
				ALWAYS_EMBED_SWIFT_STANDARD_LIBRARIES = YES;
				BUNDLE_LOADER = "$(TEST_HOST)";
				CODE_SIGN_STYLE = Automatic;
				INFOPLIST_FILE = weartherTests/Info.plist;
				LD_RUNPATH_SEARCH_PATHS = "$(inherited) @executable_path/Frameworks @loader_path/Frameworks";
				PRODUCT_BUNDLE_IDENTIFIER = CS329e.weartherTests;
				PRODUCT_NAME = "$(TARGET_NAME)";
				SWIFT_VERSION = 4.0;
				TARGETED_DEVICE_FAMILY = "1,2";
				TEST_HOST = "$(BUILT_PRODUCTS_DIR)/wearther.app/wearther";
			};
			name = Debug;
		};
		661D86C62061C6CC001666A4 /* Release */ = {
			isa = XCBuildConfiguration;
			buildSettings = {
				ALWAYS_EMBED_SWIFT_STANDARD_LIBRARIES = YES;
				BUNDLE_LOADER = "$(TEST_HOST)";
				CODE_SIGN_STYLE = Automatic;
				INFOPLIST_FILE = weartherTests/Info.plist;
				LD_RUNPATH_SEARCH_PATHS = "$(inherited) @executable_path/Frameworks @loader_path/Frameworks";
				PRODUCT_BUNDLE_IDENTIFIER = CS329e.weartherTests;
				PRODUCT_NAME = "$(TARGET_NAME)";
				SWIFT_VERSION = 4.0;
				TARGETED_DEVICE_FAMILY = "1,2";
				TEST_HOST = "$(BUILT_PRODUCTS_DIR)/wearther.app/wearther";
			};
			name = Release;
		};
		661D86C82061C6CC001666A4 /* Debug */ = {
			isa = XCBuildConfiguration;
			buildSettings = {
				ALWAYS_EMBED_SWIFT_STANDARD_LIBRARIES = YES;
				CODE_SIGN_STYLE = Automatic;
				INFOPLIST_FILE = weartherUITests/Info.plist;
				LD_RUNPATH_SEARCH_PATHS = "$(inherited) @executable_path/Frameworks @loader_path/Frameworks";
				PRODUCT_BUNDLE_IDENTIFIER = CS329e.weartherUITests;
				PRODUCT_NAME = "$(TARGET_NAME)";
				SWIFT_VERSION = 4.0;
				TARGETED_DEVICE_FAMILY = "1,2";
				TEST_TARGET_NAME = wearther;
			};
			name = Debug;
		};
		661D86C92061C6CC001666A4 /* Release */ = {
			isa = XCBuildConfiguration;
			buildSettings = {
				ALWAYS_EMBED_SWIFT_STANDARD_LIBRARIES = YES;
				CODE_SIGN_STYLE = Automatic;
				INFOPLIST_FILE = weartherUITests/Info.plist;
				LD_RUNPATH_SEARCH_PATHS = "$(inherited) @executable_path/Frameworks @loader_path/Frameworks";
				PRODUCT_BUNDLE_IDENTIFIER = CS329e.weartherUITests;
				PRODUCT_NAME = "$(TARGET_NAME)";
				SWIFT_VERSION = 4.0;
				TARGETED_DEVICE_FAMILY = "1,2";
				TEST_TARGET_NAME = wearther;
			};
			name = Release;
		};
/* End XCBuildConfiguration section */

/* Begin XCConfigurationList section */
		661D86942061C6CB001666A4 /* Build configuration list for PBXProject "wearther" */ = {
			isa = XCConfigurationList;
			buildConfigurations = (
				661D86BF2061C6CC001666A4 /* Debug */,
				661D86C02061C6CC001666A4 /* Release */,
			);
			defaultConfigurationIsVisible = 0;
			defaultConfigurationName = Release;
		};
		661D86C12061C6CC001666A4 /* Build configuration list for PBXNativeTarget "wearther" */ = {
			isa = XCConfigurationList;
			buildConfigurations = (
				661D86C22061C6CC001666A4 /* Debug */,
				661D86C32061C6CC001666A4 /* Release */,
			);
			defaultConfigurationIsVisible = 0;
			defaultConfigurationName = Release;
		};
		661D86C42061C6CC001666A4 /* Build configuration list for PBXNativeTarget "weartherTests" */ = {
			isa = XCConfigurationList;
			buildConfigurations = (
				661D86C52061C6CC001666A4 /* Debug */,
				661D86C62061C6CC001666A4 /* Release */,
			);
			defaultConfigurationIsVisible = 0;
			defaultConfigurationName = Release;
		};
		661D86C72061C6CC001666A4 /* Build configuration list for PBXNativeTarget "weartherUITests" */ = {
			isa = XCConfigurationList;
			buildConfigurations = (
				661D86C82061C6CC001666A4 /* Debug */,
				661D86C92061C6CC001666A4 /* Release */,
			);
			defaultConfigurationIsVisible = 0;
			defaultConfigurationName = Release;
		};
/* End XCConfigurationList section */
	};
	rootObject = 661D86912061C6CB001666A4 /* Project object */;
}
